speakeasyVersion: 1.633.1
sources:
    Workers Webhooks API:
        sourceNamespace: workers-webhooks-api
        sourceRevisionDigest: sha256:f2bed132a1831cad2326f932288218a30831dd5fa50081d043b41f07295bbbd8
        sourceBlobDigest: sha256:62b114c37bbffd8b78e2c8a170cf3b78dba06cfe553b1a0c4855008678109170
        tags:
            - latest
            - "1.0"
targets:
    hookhq:
        source: Workers Webhooks API
        sourceNamespace: workers-webhooks-api
        sourceRevisionDigest: sha256:f2bed132a1831cad2326f932288218a30831dd5fa50081d043b41f07295bbbd8
        sourceBlobDigest: sha256:62b114c37bbffd8b78e2c8a170cf3b78dba06cfe553b1a0c4855008678109170
        codeSamplesNamespace: workers-webhooks-api-php-code-samples
        codeSamplesRevisionDigest: sha256:a8d160a345be45b3d2c94c9b0fba510c3f15e9dc88f737fac2b46d19c84ca23f
workflow:
    workflowVersion: 1.0.0
    speakeasyVersion: latest
    sources:
        Workers Webhooks API:
            inputs:
                - location: ../src/lib/openapi.json
            output: .speakeasy/out.openapi.yaml
            registry:
                location: registry.speakeasyapi.dev/nuovar/hookhq/workers-webhooks-api
    targets:
        hookhq:
            target: php
            source: Workers Webhooks API
            codeSamples:
                registry:
                    location: registry.speakeasyapi.dev/nuovar/hookhq/workers-webhooks-api-php-code-samples
                labelOverride:
                    fixedValue: Php (SDK)
                blocking: false
